PODS:
  - JVRBaseTableViewDataSource (0.0.2)

DEPENDENCIES:
  - JVRBaseTableViewDataSource (from `https://github.com/jozsef-vesza/JVRBaseTableViewDataSource.git`)

EXTERNAL SOURCES:
  JVRBaseTableViewDataSource:
    :git: https://github.com/jozsef-vesza/JVRBaseTableViewDataSource.git

SPEC CHECKSUMS:
  JVRBaseTableViewDataSource: 17ee7ba4f08281b8acd8b0f13e84f874705a72fc

COCOAPODS: 0.33.1
